// !$*UTF8*$!
{
	archiveVersion = 1;
	classes = {
	};
	objectVersion = 50;
	objects = {

/* Begin PBXBuildFile section */
		D10A08252540844B0072A466 /* AVFoundation.framework in Frameworks */ = {isa = PBXBuildFile; fileRef = D10A08242540844B0072A466 /* AVFoundation.framework */; };
		D1E92ACE254005A700197310 /* AppDelegate.swift in Sources */ = {isa = PBXBuildFile; fileRef = D1E92ACD254005A700197310 /* AppDelegate.swift */; };
		D1E92AD0254005A700197310 /* SceneDelegate.swift in Sources */ = {isa = PBXBuildFile; fileRef = D1E92ACF254005A700197310 /* SceneDelegate.swift */; };
		D1E92AD2254005A700197310 /* ViewController.swift in Sources */ = {isa = PBXBuildFile; fileRef = D1E92AD1254005A700197310 /* ViewController.swift */; };
		D1E92AD5254005A700197310 /* Main.storyboard in Resources */ = {isa = PBXBuildFile; fileRef = D1E92AD3254005A700197310 /* Main.storyboard */; };
		D1E92AD7254005AB00197310 /* Assets.xcassets in Resources */ = {isa = PBXBuildFile; fileRef = D1E92AD6254005AB00197310 /* Assets.xcassets */; };
		D1E92ADA254005AB00197310 /* LaunchScreen.storyboard in Resources */ = {isa = PBXBuildFile; fileRef = D1E92AD8254005AB00197310 /* LaunchScreen.storyboard */; };
		D1FE77902726336C000D358E /* buttonclick.mp3 in Resources */ = {isa = PBXBuildFile; fileRef = D1FE778F2726336C000D358E /* buttonclick.mp3 */; };
		D1FE7792272634EB000D358E /* jackpot.mp3 in Resources */ = {isa = PBXBuildFile; fileRef = D1FE7791272634EA000D358E /* jackpot.mp3 */; };
/* End PBXBuildFile section */

/* Begin PBXFileReference section */
		D10A08242540844B0072A466 /* AVFoundation.framework */ = {isa = PBXFileReference; lastKnownFileType = wrapper.framework; name = AVFoundation.framework; path = System/Library/Frameworks/AVFoundation.framework; sourceTree = SDKROOT; };
		D10A082A254086620072A466 /* jackpot.mp3 */ = {isa = PBXFileReference; lastKnownFileType = audio.mp3; path = jackpot.mp3; sourceTree = "<group>"; };
		D1E92ACA254005A700197310 /* dice.app */ = {isa = PBXFileReference; explicitFileType = wrapper.application; includeInIndex = 0; path = dice.app; sourceTree = BUILT_PRODUCTS_DIR; };
		D1E92ACD254005A700197310 /* AppDelegate.swift */ = {isa = PBXFileReference; lastKnownFileType = sourcecode.swift; path = AppDelegate.swift; sourceTree = "<group>"; };
		D1E92ACF254005A700197310 /* SceneDelegate.swift */ = {isa = PBXFileReference; lastKnownFileType = sourcecode.swift; path = SceneDelegate.swift; sourceTree = "<group>"; };
		D1E92AD1254005A700197310 /* ViewController.swift */ = {isa = PBXFileReference; lastKnownFileType = sourcecode.swift; path = ViewController.swift; sourceTree = "<group>"; };
		D1E92AD4254005A700197310 /* Base */ = {isa = PBXFileReference; lastKnownFileType = file.storyboard; name = Base; path = Base.lproj/Main.storyboard; sourceTree = "<group>"; };
		D1E92AD6254005AB00197310 /* Assets.xcassets */ = {isa = PBXFileReference; lastKnownFileType = folder.assetcatalog; path = Assets.xcassets; sourceTree = "<group>"; };
		D1E92AD9254005AB00197310 /* Base */ = {isa = PBXFileReference; lastKnownFileType = file.storyboard; name = Base; path = Base.lproj/LaunchScreen.storyboard; sourceTree = "<group>"; };
		D1E92ADB254005AB00197310 /* Info.plist */ = {isa = PBXFileReference; lastKnownFileType = text.plist.xml; path = Info.plist; sourceTree = "<group>"; };
		D1FE778F2726336C000D358E /* buttonclick.mp3 */ = {isa = PBXFileReference; lastKnownFileType = audio.mp3; path = buttonclick.mp3; sourceTree = "<group>"; };
		D1FE7791272634EA000D358E /* jackpot.mp3 */ = {isa = PBXFileReference; lastKnownFileType = audio.mp3; path = jackpot.mp3; sourceTree = "<group>"; };
/* End PBXFileReference section */

/* Begin PBXFrameworksBuildPhase section */
		D1E92AC7254005A700197310 /* Frameworks */ = {
			isa = PBXFrameworksBuildPhase;
			buildActionMask = 2147483647;
			files = (
				D10A08252540844B0072A466 /* AVFoundation.framework in Frameworks */,
			);
			runOnlyForDeploymentPostprocessing = 0;
		};
/* End PBXFrameworksBuildPhase section */

/* Begin PBXGroup section */
		D10A08232540844B0072A466 /* Frameworks */ = {
			isa = PBXGroup;
			children = (
				D10A08242540844B0072A466 /* AVFoundation.framework */,
			);
			name = Frameworks;
			sourceTree = "<group>";
		};
		D10A0829254086490072A466 /* sound */ = {
			isa = PBXGroup;
			children = (
				D1FE7791272634EA000D358E /* jackpot.mp3 */,
				D1FE778F2726336C000D358E /* buttonclick.mp3 */,
				D10A082A254086620072A466 /* jackpot.mp3 */,
			);
			path = sound;
			sourceTree = "<group>";
		};
		D1E92AC1254005A700197310 = {
			isa = PBXGroup;
			children = (
				D1E92ACC254005A700197310 /* dice */,
				D1E92ACB254005A700197310 /* Products */,
				D10A08232540844B0072A466 /* Frameworks */,
			);
			sourceTree = "<group>";
		};
		D1E92ACB254005A700197310 /* Products */ = {
			isa = PBXGroup;
			children = (
				D1E92ACA254005A700197310 /* dice.app */,
			);
			name = Products;
			sourceTree = "<group>";
		};
		D1E92ACC254005A700197310 /* dice */ = {
			isa = PBXGroup;
			children = (
				D1E92ACD254005A700197310 /* AppDelegate.swift */,
				D1E92ACF254005A700197310 /* SceneDelegate.swift */,
				D1E92AD1254005A700197310 /* ViewController.swift */,
				D1E92AD3254005A700197310 /* Main.storyboard */,
				D1E92AD6254005AB00197310 /* Assets.xcassets */,
				D1E92AD8254005AB00197310 /* LaunchScreen.storyboard */,
				D1E92ADB254005AB00197310 /* Info.plist */,
				D10A0829254086490072A466 /* sound */,
			);
			path = dice;
			sourceTree = "<group>";
		};
/* End PBXGroup section */

/* Begin PBXNativeTarget section */
		D1E92AC9254005A700197310 /* dice */ = {
			isa = PBXNativeTarget;
			buildConfigurationList = D1E92ADE254005AB00197310 /* Build configuration list for PBXNativeTarget "dice" */;
			buildPhases = (
				D1E92AC6254005A700197310 /* Sources */,
				D1E92AC7254005A700197310 /* Frameworks */,
				D1E92AC8254005A700197310 /* Resources */,
			);
			buildRules = (
			);
			dependencies = (
			);
			name = dice;
			productName = dice;
			productReference = D1E92ACA254005A700197310 /* dice.app */;
			productType = "com.apple.product-type.application";
		};
/* End PBXNativeTarget section */

/* Begin PBXProject section */
		D1E92AC2254005A700197310 /* Project object */ = {
			isa = PBXProject;
			attributes = {
				LastSwiftUpdateCheck = 1210;
				LastUpgradeCheck = 1210;
				TargetAttributes = {
					D1E92AC9254005A700197310 = {
						CreatedOnToolsVersion = 12.1;
					};
				};
			};
			buildConfigurationList = D1E92AC5254005A700197310 /* Build configuration list for PBXProject "dice" */;
			compatibilityVersion = "Xcode 9.3";
			developmentRegion = en;
			hasScannedForEncodings = 0;
			knownRegions = (
				en,
				Base,
			);
			mainGroup = D1E92AC1254005A700197310;
			productRefGroup = D1E92ACB254005A700197310 /* Products */;
			projectDirPath = "";
			projectRoot = "";
			targets = (
				D1E92AC9254005A700197310 /* dice */,
			);
		};
/* End PBXProject section */

/* Begin PBXResourcesBuildPhase section */
		D1E92AC8254005A700197310 /* Resources */ = {
			isa = PBXResourcesBuildPhase;
			buildActionMask = 2147483647;
			files = (
				D1FE7792272634EB000D358E /* jackpot.mp3 in Resources */,
				D1E92ADA254005AB00197310 /* LaunchScreen.storyboard in Resources */,
				D1E92AD7254005AB00197310 /* Assets.xcassets in Resources */,
				D1E92AD5254005A700197310 /* Main.storyboard in Resources */,
				D1FE77902726336C000D358E /* buttonclick.mp3 in Resources */,
			);
			runOnlyForDeploymentPostprocessing = 0;
		};
/* End PBXResourcesBuildPhase section */

/* Begin PBXSourcesBuildPhase section */
		D1E92AC6254005A700197310 /* Sources */ = {
			isa = PBXSourcesBuildPhase;
			buildActionMask = 2147483647;
			files = (
				D1E92AD2254005A700197310 /* ViewController.swift in Sources */,
				D1E92ACE254005A700197310 /* AppDelegate.swift in Sources */,
				D1E92AD0254005A700197310 /* SceneDelegate.swift in Sources */,
			);
			runOnlyForDeploymentPostprocessing = 0;
		};
/* End PBXSourcesBuildPhase section */

/* Begin PBXVariantGroup section */
		D1E92AD3254005A700197310 /* Main.storyboard */ = {
			isa = PBXVariantGroup;
			children = (
				D1E92AD4254005A700197310 /* Base */,
			);
			name = Main.storyboard;
			sourceTree = "<group>";
		};
		D1E92AD8254005AB00197310 /* LaunchScreen.storyboard */ = {
			isa = PBXVariantGroup;
			children = (
				D1E92AD9254005AB00197310 /* Base */,
			);
			name = LaunchScreen.storyboard;
			sourceTree = "<group>";
		};
/* End PBXVariantGroup section */

/* Begin XCBuildConfiguration section */
		D1E92ADC254005AB00197310 /* Debug */ = {
			isa = XCBuildConfiguration;
			buildSettings = {
				ALWAYS_SEARCH_USER_PATHS = NO;
				CLANG_ANALYZER_NONNULL = YES;
				CLANG_ANALYZER_NUMBER_OBJECT_CONVERSION = YES_AGGRESSIVE;
				CLANG_CXX_LANGUAGE_STANDARD = "gnu++14";
				CLANG_CXX_LIBRARY = "libc++";
				CLANG_ENABLE_MODULES = YES;
				CLANG_ENABLE_OBJC_ARC = YES;
				CLANG_ENABLE_OBJC_WEAK = YES;
				CLANG_WARN_BLOCK_CAPTURE_AUTORELEASING = YES;
				CLANG_WARN_BOOL_CONVERSION = YES;
				CLANG_WARN_COMMA = YES;
				CLANG_WARN_CONSTANT_CONVERSION = YES;
				CLANG_WARN_DEPRECATED_OBJC_IMPLEMENTATIONS = YES;
				CLANG_WARN_DIRECT_OBJC_ISA_USAGE = YES_ERROR;
				CLANG_WARN_DOCUMENTATION_COMMENTS = YES;
				CLANG_WARN_EMPTY_BODY = YES;
				CLANG_WARN_ENUM_CONVERSION = YES;
				CLANG_WARN_INFINITE_RECURSION = YES;
				CLANG_WARN_INT_CONVERSION = YES;
				CLANG_WARN_NON_LITERAL_NULL_CONVERSION = YES;
				CLANG_WARN_OBJC_IMPLICIT_RETAIN_SELF = YES;
				CLANG_WARN_OBJC_LITERAL_CONVERSION = YES;
				CLANG_WARN_OBJC_ROOT_CLASS = YES_ERROR;
				CLANG_WARN_QUOTED_INCLUDE_IN_FRAMEWORK_HEADER = YES;
				CLANG_WARN_RANGE_LOOP_ANALYSIS = YES;
				CLANG_WARN_STRICT_PROTOTYPES = YES;
				CLANG_WARN_SUSPICIOUS_MOVE = YES;
				CLANG_WARN_UNGUARDED_AVAILABILITY = YES_AGGRESSIVE;
				CLANG_WARN_UNREACHABLE_CODE = YES;
				CLANG_WARN__DUPLICATE_METHOD_MATCH = YES;
				COPY_PHASE_STRIP = NO;
				DEBUG_INFORMATION_FORMAT = dwarf;
				ENABLE_STRICT_OBJC_MSGSEND = YES;
				ENABLE_TESTABILITY = YES;
				GCC_C_LANGUAGE_STANDARD = gnu11;
				GCC_DYNAMIC_NO_PIC = NO;
				GCC_NO_COMMON_BLOCKS = YES;
				GCC_OPTIMIZATION_LEVEL = 0;
				GCC_PREPROCESSOR_DEFINITIONS = (
					"DEBUG=1",
					"$(inherited)",
				);
				GCC_WARN_64_TO_32_BIT_CONVERSION = YES;
				GCC_WARN_ABOUT_RETURN_TYPE = YES_ERROR;
				GCC_WARN_UNDECLARED_SELECTOR = YES;
				GCC_WARN_UNINITIALIZED_AUTOS = YES_AGGRESSIVE;
				GCC_WARN_UNUSED_FUNCTION = YES;
				GCC_WARN_UNUSED_VARIABLE = YES;
				IPHONEOS_DEPLOYMENT_TARGET = 14.1;
				MTL_ENABLE_DEBUG_INFO = INCLUDE_SOURCE;
				MTL_FAST_MATH = YES;
				ONLY_ACTIVE_ARCH = YES;
				SDKROOT = iphoneos;
				SWIFT_ACTIVE_COMPILATION_CONDITIONS = DEBUG;
				SWIFT_OPTIMIZATION_LEVEL = "-Onone";
			};
			name = Debug;
		};
		D1E92ADD254005AB00197310 /* Release */ = {
			isa = XCBuildConfiguration;
			buildSettings = {
				ALWAYS_SEARCH_USER_PATHS = NO;
				CLANG_ANALYZER_NONNULL = YES;
				CLANG_ANALYZER_NUMBER_OBJECT_CONVERSION = YES_AGGRESSIVE;
				CLANG_CXX_LANGUAGE_STANDARD = "gnu++14";
				CLANG_CXX_LIBRARY = "libc++";
				CLANG_ENABLE_MODULES = YES;
				CLANG_ENABLE_OBJC_ARC = YES;
				CLANG_ENABLE_OBJC_WEAK = YES;
				CLANG_WARN_BLOCK_CAPTURE_AUTORELEASING = YES;
				CLANG_WARN_BOOL_CONVERSION = YES;
				CLANG_WARN_COMMA = YES;
				CLANG_WARN_CONSTANT_CONVERSION = YES;
				CLANG_WARN_DEPRECATED_OBJC_IMPLEMENTATIONS = YES;
				CLANG_WARN_DIRECT_OBJC_ISA_USAGE = YES_ERROR;
				CLANG_WARN_DOCUMENTATION_COMMENTS = YES;
				CLANG_WARN_EMPTY_BODY = YES;
				CLANG_WARN_ENUM_CONVERSION = YES;
				CLANG_WARN_INFINITE_RECURSION = YES;
				CLANG_WARN_INT_CONVERSION = YES;
				CLANG_WARN_NON_LITERAL_NULL_CONVERSION = YES;
				CLANG_WARN_OBJC_IMPLICIT_RETAIN_SELF = YES;
				CLANG_WARN_OBJC_LITERAL_CONVERSION = YES;
				CLANG_WARN_OBJC_ROOT_CLASS = YES_ERROR;
				CLANG_WARN_QUOTED_INCLUDE_IN_FRAMEWORK_HEADER = YES;
				CLANG_WARN_RANGE_LOOP_ANALYSIS = YES;
				CLANG_WARN_STRICT_PROTOTYPES = YES;
				CLANG_WARN_SUSPICIOUS_MOVE = YES;
				CLANG_WARN_UNGUARDED_AVAILABILITY = YES_AGGRESSIVE;
				CLANG_WARN_UNREACHABLE_CODE = YES;
				CLANG_WARN__DUPLICATE_METHOD_MATCH = YES;
				COPY_PHASE_STRIP = NO;
				DEBUG_INFORMATION_FORMAT = "dwarf-with-dsym";
				ENABLE_NS_ASSERTIONS = NO;
				ENABLE_STRICT_OBJC_MSGSEND = YES;
				GCC_C_LANGUAGE_STANDARD = gnu11;
				GCC_NO_COMMON_BLOCKS = YES;
				GCC_WARN_64_TO_32_BIT_CONVERSION = YES;
				GCC_WARN_ABOUT_RETURN_TYPE = YES_ERROR;
				GCC_WARN_UNDECLARED_SELECTOR = YES;
				GCC_WARN_UNINITIALIZED_AUTOS = YES_AGGRESSIVE;
				GCC_WARN_UNUSED_FUNCTION = YES;
				GCC_WARN_UNUSED_VARIABLE = YES;
				IPHONEOS_DEPLOYMENT_TARGET = 14.1;
				MTL_ENABLE_DEBUG_INFO = NO;
				MTL_FAST_MATH = YES;
				SDKROOT = iphoneos;
				SWIFT_COMPILATION_MODE = wholemodule;
				SWIFT_OPTIMIZATION_LEVEL = "-O";
				VALIDATE_PRODUCT = YES;
			};
			name = Release;
		};
		D1E92ADF254005AB00197310 /* Debug */ = {
			isa = XCBuildConfiguration;
			buildSettings = {
				ASSETCATALOG_COMPILER_APPICON_NAME = AppIcon;
				ASSETCATALOG_COMPILER_GLOBAL_ACCENT_COLOR_NAME = AccentColor;
				CODE_SIGN_STYLE = Automatic;
				DEVELOPMENT_TEAM = Q9884HUA6M;
				INFOPLIST_FILE = dice/Info.plist;
				LD_RUNPATH_SEARCH_PATHS = (
					"$(inherited)",
					"@executable_path/Frameworks",
				);
				PRODUCT_BUNDLE_IDENTIFIER = saneesh.dice;
				PRODUCT_NAME = "$(TARGET_NAME)";
				SWIFT_VERSION = 5.0;
				TARGETED_DEVICE_FAMILY = "1,2";
			};
			name = Debug;
		};
		D1E92AE0254005AB00197310 /* Release */ = {
			isa = XCBuildConfiguration;
			buildSettings = {
				ASSETCATALOG_COMPILER_APPICON_NAME = AppIcon;
				ASSETCATALOG_COMPILER_GLOBAL_ACCENT_COLOR_NAME = AccentColor;
				CODE_SIGN_STYLE = Automatic;
				DEVELOPMENT_TEAM = Q9884HUA6M;
				INFOPLIST_FILE = dice/Info.plist;
				LD_RUNPATH_SEARCH_PATHS = (
					"$(inherited)",
					"@executable_path/Frameworks",
				);
				PRODUCT_BUNDLE_IDENTIFIER = saneesh.dice;
				PRODUCT_NAME = "$(TARGET_NAME)";
				SWIFT_VERSION = 5.0;
				TARGETED_DEVICE_FAMILY = "1,2";
			};
			name = Release;
		};
/* End XCBuildConfiguration section */

/* Begin XCConfigurationList section */
		D1E92AC5254005A700197310 /* Build configuration list for PBXProject "dice" */ = {
			isa = XCConfigurationList;
			buildConfigurations = (
				D1E92ADC254005AB00197310 /* Debug */,
				D1E92ADD254005AB00197310 /* Release */,
			);
			defaultConfigurationIsVisible = 0;
			defaultConfigurationName = Release;
		};
		D1E92ADE254005AB00197310 /* Build configuration list for PBXNativeTarget "dice" */ = {
			isa = XCConfigurationList;
			buildConfigurations = (
				D1E92ADF254005AB00197310 /* Debug */,
				D1E92AE0254005AB00197310 /* Release */,
			);
			defaultConfigurationIsVisible = 0;
			defaultConfigurationName = Release;
		};
/* End XCConfigurationList section */
	};
	rootObject = D1E92AC2254005A700197310 /* Project object */;
}
